
Microsoft Visual Studio Solution File, Format Version 12.00
# Visual Studio 15
VisualStudioVersion = 15.0.27703.2026
MinimumVisualStudioVersion = 10.0.40219.1
Project("{FAE04EC0-301F-11D3-BF4B-00C04F79EFBC}") = "GestionIPS.Android", "GestionIPS\GestionIPS.Android\GestionIPS.Android.csproj", "{9319E1B0-AFBD-46D6-A4CC-F6C6B08C35B1}"
EndProject
Project("{FAE04EC0-301F-11D3-BF4B-00C04F79EFBC}") = "GestionIPS.iOS", "GestionIPS\GestionIPS.iOS\GestionIPS.iOS.csproj", "{C201E59D-9223-4D13-8ED3-D4EE629FF3D7}"
EndProject
Project("{FAE04EC0-301F-11D3-BF4B-00C04F79EFBC}") = "GestionIPS.UWP", "GestionIPS\GestionIPS.UWP\GestionIPS.UWP.csproj", "{F65353F4-9383-456F-B63D-8AADA28E4450}"
EndProject
Project("{FAE04EC0-301F-11D3-BF4B-00C04F79EFBC}") = "GestionIPS", "GestionIPS\GestionIPS\GestionIPS.csproj", "{2C3EBEB7-7FFB-428E-9FD7-021D36875CC3}"
EndProject
Project("{FAE04EC0-301F-11D3-BF4B-00C04F79EFBC}") = "GestionIPS.Backend", "GestionIPS.Backend\GestionIPS.Backend.csproj", "{2EF41ACE-A21F-47BA-B268-21E062D9B300}"
EndProject
Project("{FAE04EC0-301F-11D3-BF4B-00C04F79EFBC}") = "GestionIPS.API", "GestionIPS.API\GestionIPS.API.csproj", "{4A9852AA-9D4B-4549-A3EC-49BDD86A3AA1}"
EndProject
Project("{FAE04EC0-301F-11D3-BF4B-00C04F79EFBC}") = "GestionIPS.Domain", "GestionIPS.Domain\GestionIPS.Domain.csproj", "{A6944D16-27AE-44C1-96AC-40951769CCA2}"
EndProject
Project("{FAE04EC0-301F-11D3-BF4B-00C04F79EFBC}") = "GestionIPS.Common", "GestionIPS.Common\GestionIPS.Common.csproj", "{AD0E84A7-8DFA-4BD7-B110-E34E4FB1ACF3}"
EndProject
Global
	GlobalSection(SolutionConfigurationPlatforms) = preSolution
		Ad-Hoc|Any CPU = Ad-Hoc|Any CPU
		Ad-Hoc|ARM = Ad-Hoc|ARM
		Ad-Hoc|iPhone = Ad-Hoc|iPhone
		Ad-Hoc|iPhoneSimulator = Ad-Hoc|iPhoneSimulator
		Ad-Hoc|x64 = Ad-Hoc|x64
		Ad-Hoc|x86 = Ad-Hoc|x86
		AppStore|Any CPU = AppStore|Any CPU
		AppStore|ARM = AppStore|ARM
		AppStore|iPhone = AppStore|iPhone
		AppStore|iPhoneSimulator = AppStore|iPhoneSimulator
		AppStore|x64 = AppStore|x64
		AppStore|x86 = AppStore|x86
		Debug|Any CPU = Debug|Any CPU
		Debug|ARM = Debug|ARM
		Debug|iPhone = Debug|iPhone
		Debug|iPhoneSimulator = Debug|iPhoneSimulator
		Debug|x64 = Debug|x64
		Debug|x86 = Debug|x86
		Release|Any CPU = Release|Any CPU
		Release|ARM = Release|ARM
		Release|iPhone = Release|iPhone
		Release|iPhoneSimulator = Release|iPhoneSimulator
		Release|x64 = Release|x64
		Release|x86 = Release|x86
	EndGlobalSection
	GlobalSection(ProjectConfigurationPlatforms) = postSolution
		{9319E1B0-AFBD-46D6-A4CC-F6C6B08C35B1}.Ad-Hoc|Any CPU.ActiveCfg = Release|Any CPU
		{9319E1B0-AFBD-46D6-A4CC-F6C6B08C35B1}.Ad-Hoc|Any CPU.Build.0 = Release|Any CPU
		{9319E1B0-AFBD-46D6-A4CC-F6C6B08C35B1}.Ad-Hoc|Any CPU.Deploy.0 = Release|Any CPU
		{9319E1B0-AFBD-46D6-A4CC-F6C6B08C35B1}.Ad-Hoc|ARM.ActiveCfg = Release|Any CPU
		{9319E1B0-AFBD-46D6-A4CC-F6C6B08C35B1}.Ad-Hoc|ARM.Build.0 = Release|Any CPU
		{9319E1B0-AFBD-46D6-A4CC-F6C6B08C35B1}.Ad-Hoc|ARM.Deploy.0 = Release|Any CPU
		{9319E1B0-AFBD-46D6-A4CC-F6C6B08C35B1}.Ad-Hoc|iPhone.ActiveCfg = Release|Any CPU
		{9319E1B0-AFBD-46D6-A4CC-F6C6B08C35B1}.Ad-Hoc|iPhone.Build.0 = Release|Any CPU
		{9319E1B0-AFBD-46D6-A4CC-F6C6B08C35B1}.Ad-Hoc|iPhone.Deploy.0 = Release|Any CPU
		{9319E1B0-AFBD-46D6-A4CC-F6C6B08C35B1}.Ad-Hoc|iPhoneSimulator.ActiveCfg = Release|Any CPU
		{9319E1B0-AFBD-46D6-A4CC-F6C6B08C35B1}.Ad-Hoc|iPhoneSimulator.Build.0 = Release|Any CPU
		{9319E1B0-AFBD-46D6-A4CC-F6C6B08C35B1}.Ad-Hoc|iPhoneSimulator.Deploy.0 = Release|Any CPU
		{9319E1B0-AFBD-46D6-A4CC-F6C6B08C35B1}.Ad-Hoc|x64.ActiveCfg = Release|Any CPU
		{9319E1B0-AFBD-46D6-A4CC-F6C6B08C35B1}.Ad-Hoc|x64.Build.0 = Release|Any CPU
		{9319E1B0-AFBD-46D6-A4CC-F6C6B08C35B1}.Ad-Hoc|x64.Deploy.0 = Release|Any CPU
		{9319E1B0-AFBD-46D6-A4CC-F6C6B08C35B1}.Ad-Hoc|x86.ActiveCfg = Release|Any CPU
		{9319E1B0-AFBD-46D6-A4CC-F6C6B08C35B1}.Ad-Hoc|x86.Build.0 = Release|Any CPU
		{9319E1B0-AFBD-46D6-A4CC-F6C6B08C35B1}.Ad-Hoc|x86.Deploy.0 = Release|Any CPU
		{9319E1B0-AFBD-46D6-A4CC-F6C6B08C35B1}.AppStore|Any CPU.ActiveCfg = Release|Any CPU
		{9319E1B0-AFBD-46D6-A4CC-F6C6B08C35B1}.AppStore|Any CPU.Build.0 = Release|Any CPU
		{9319E1B0-AFBD-46D6-A4CC-F6C6B08C35B1}.AppStore|Any CPU.Deploy.0 = Release|Any CPU
		{9319E1B0-AFBD-46D6-A4CC-F6C6B08C35B1}.AppStore|ARM.ActiveCfg = Release|Any CPU
		{9319E1B0-AFBD-46D6-A4CC-F6C6B08C35B1}.AppStore|ARM.Build.0 = Release|Any CPU
		{9319E1B0-AFBD-46D6-A4CC-F6C6B08C35B1}.AppStore|ARM.Deploy.0 = Release|Any CPU
		{9319E1B0-AFBD-46D6-A4CC-F6C6B08C35B1}.AppStore|iPhone.ActiveCfg = Release|Any CPU
		{9319E1B0-AFBD-46D6-A4CC-F6C6B08C35B1}.AppStore|iPhone.Build.0 = Release|Any CPU
		{9319E1B0-AFBD-46D6-A4CC-F6C6B08C35B1}.AppStore|iPhone.Deploy.0 = Release|Any CPU
		{9319E1B0-AFBD-46D6-A4CC-F6C6B08C35B1}.AppStore|iPhoneSimulator.ActiveCfg = Release|Any CPU
		{9319E1B0-AFBD-46D6-A4CC-F6C6B08C35B1}.AppStore|iPhoneSimulator.Build.0 = Release|Any CPU
		{9319E1B0-AFBD-46D6-A4CC-F6C6B08C35B1}.AppStore|iPhoneSimulator.Deploy.0 = Release|Any CPU
		{9319E1B0-AFBD-46D6-A4CC-F6C6B08C35B1}.AppStore|x64.ActiveCfg = Release|Any CPU
		{9319E1B0-AFBD-46D6-A4CC-F6C6B08C35B1}.AppStore|x64.Build.0 = Release|Any CPU
		{9319E1B0-AFBD-46D6-A4CC-F6C6B08C35B1}.AppStore|x64.Deploy.0 = Release|Any CPU
		{9319E1B0-AFBD-46D6-A4CC-F6C6B08C35B1}.AppStore|x86.ActiveCfg = Release|Any CPU
		{9319E1B0-AFBD-46D6-A4CC-F6C6B08C35B1}.AppStore|x86.Build.0 = Release|Any CPU
		{9319E1B0-AFBD-46D6-A4CC-F6C6B08C35B1}.AppStore|x86.Deploy.0 = Release|Any CPU
		{9319E1B0-AFBD-46D6-A4CC-F6C6B08C35B1}.Debug|Any CPU.ActiveCfg = Debug|Any CPU
		{9319E1B0-AFBD-46D6-A4CC-F6C6B08C35B1}.Debug|Any CPU.Build.0 = Debug|Any CPU
		{9319E1B0-AFBD-46D6-A4CC-F6C6B08C35B1}.Debug|Any CPU.Deploy.0 = Debug|Any CPU
		{9319E1B0-AFBD-46D6-A4CC-F6C6B08C35B1}.Debug|ARM.ActiveCfg = Debug|Any CPU
		{9319E1B0-AFBD-46D6-A4CC-F6C6B08C35B1}.Debug|ARM.Build.0 = Debug|Any CPU
		{9319E1B0-AFBD-46D6-A4CC-F6C6B08C35B1}.Debug|ARM.Deploy.0 = Debug|Any CPU
		{9319E1B0-AFBD-46D6-A4CC-F6C6B08C35B1}.Debug|iPhone.ActiveCfg = Debug|Any CPU
		{9319E1B0-AFBD-46D6-A4CC-F6C6B08C35B1}.Debug|iPhone.Build.0 = Debug|Any CPU
		{9319E1B0-AFBD-46D6-A4CC-F6C6B08C35B1}.Debug|iPhone.Deploy.0 = Debug|Any CPU
		{9319E1B0-AFBD-46D6-A4CC-F6C6B08C35B1}.Debug|iPhoneSimulator.ActiveCfg = Debug|Any CPU
		{9319E1B0-AFBD-46D6-A4CC-F6C6B08C35B1}.Debug|iPhoneSimulator.Build.0 = Debug|Any CPU
		{9319E1B0-AFBD-46D6-A4CC-F6C6B08C35B1}.Debug|iPhoneSimulator.Deploy.0 = Debug|Any CPU
		{9319E1B0-AFBD-46D6-A4CC-F6C6B08C35B1}.Debug|x64.ActiveCfg = Debug|Any CPU
		{9319E1B0-AFBD-46D6-A4CC-F6C6B08C35B1}.Debug|x64.Build.0 = Debug|Any CPU
		{9319E1B0-AFBD-46D6-A4CC-F6C6B08C35B1}.Debug|x64.Deploy.0 = Debug|Any CPU
		{9319E1B0-AFBD-46D6-A4CC-F6C6B08C35B1}.Debug|x86.ActiveCfg = Debug|Any CPU
		{9319E1B0-AFBD-46D6-A4CC-F6C6B08C35B1}.Debug|x86.Build.0 = Debug|Any CPU
		{9319E1B0-AFBD-46D6-A4CC-F6C6B08C35B1}.Debug|x86.Deploy.0 = Debug|Any CPU
		{9319E1B0-AFBD-46D6-A4CC-F6C6B08C35B1}.Release|Any CPU.ActiveCfg = Release|Any CPU
		{9319E1B0-AFBD-46D6-A4CC-F6C6B08C35B1}.Release|Any CPU.Build.0 = Release|Any CPU
		{9319E1B0-AFBD-46D6-A4CC-F6C6B08C35B1}.Release|Any CPU.Deploy.0 = Release|Any CPU
		{9319E1B0-AFBD-46D6-A4CC-F6C6B08C35B1}.Release|ARM.ActiveCfg = Release|Any CPU
		{9319E1B0-AFBD-46D6-A4CC-F6C6B08C35B1}.Release|ARM.Build.0 = Release|Any CPU
		{9319E1B0-AFBD-46D6-A4CC-F6C6B08C35B1}.Release|ARM.Deploy.0 = Release|Any CPU
		{9319E1B0-AFBD-46D6-A4CC-F6C6B08C35B1}.Release|iPhone.ActiveCfg = Release|Any CPU
		{9319E1B0-AFBD-46D6-A4CC-F6C6B08C35B1}.Release|iPhone.Build.0 = Release|Any CPU
		{9319E1B0-AFBD-46D6-A4CC-F6C6B08C35B1}.Release|iPhone.Deploy.0 = Release|Any CPU
		{9319E1B0-AFBD-46D6-A4CC-F6C6B08C35B1}.Release|iPhoneSimulator.ActiveCfg = Release|Any CPU
		{9319E1B0-AFBD-46D6-A4CC-F6C6B08C35B1}.Release|iPhoneSimulator.Build.0 = Release|Any CPU
		{9319E1B0-AFBD-46D6-A4CC-F6C6B08C35B1}.Release|iPhoneSimulator.Deploy.0 = Release|Any CPU
		{9319E1B0-AFBD-46D6-A4CC-F6C6B08C35B1}.Release|x64.ActiveCfg = Release|Any CPU
		{9319E1B0-AFBD-46D6-A4CC-F6C6B08C35B1}.Release|x64.Build.0 = Release|Any CPU
		{9319E1B0-AFBD-46D6-A4CC-F6C6B08C35B1}.Release|x64.Deploy.0 = Release|Any CPU
		{9319E1B0-AFBD-46D6-A4CC-F6C6B08C35B1}.Release|x86.ActiveCfg = Release|Any CPU
		{9319E1B0-AFBD-46D6-A4CC-F6C6B08C35B1}.Release|x86.Build.0 = Release|Any CPU
		{9319E1B0-AFBD-46D6-A4CC-F6C6B08C35B1}.Release|x86.Deploy.0 = Release|Any CPU
		{C201E59D-9223-4D13-8ED3-D4EE629FF3D7}.Ad-Hoc|Any CPU.ActiveCfg = Ad-Hoc|iPhone
		{C201E59D-9223-4D13-8ED3-D4EE629FF3D7}.Ad-Hoc|Any CPU.Build.0 = Ad-Hoc|iPhone
		{C201E59D-9223-4D13-8ED3-D4EE629FF3D7}.Ad-Hoc|Any CPU.Deploy.0 = Ad-Hoc|iPhone
		{C201E59D-9223-4D13-8ED3-D4EE629FF3D7}.Ad-Hoc|ARM.ActiveCfg = Ad-Hoc|iPhone
		{C201E59D-9223-4D13-8ED3-D4EE629FF3D7}.Ad-Hoc|ARM.Build.0 = Ad-Hoc|iPhone
		{C201E59D-9223-4D13-8ED3-D4EE629FF3D7}.Ad-Hoc|ARM.Deploy.0 = Ad-Hoc|iPhone
		{C201E59D-9223-4D13-8ED3-D4EE629FF3D7}.Ad-Hoc|iPhone.ActiveCfg = Ad-Hoc|iPhone
		{C201E59D-9223-4D13-8ED3-D4EE629FF3D7}.Ad-Hoc|iPhone.Build.0 = Ad-Hoc|iPhone
		{C201E59D-9223-4D13-8ED3-D4EE629FF3D7}.Ad-Hoc|iPhone.Deploy.0 = Ad-Hoc|iPhone
		{C201E59D-9223-4D13-8ED3-D4EE629FF3D7}.Ad-Hoc|iPhoneSimulator.ActiveCfg = Ad-Hoc|iPhoneSimulator
		{C201E59D-9223-4D13-8ED3-D4EE629FF3D7}.Ad-Hoc|iPhoneSimulator.Build.0 = Ad-Hoc|iPhoneSimulator
		{C201E59D-9223-4D13-8ED3-D4EE629FF3D7}.Ad-Hoc|iPhoneSimulator.Deploy.0 = Ad-Hoc|iPhoneSimulator
		{C201E59D-9223-4D13-8ED3-D4EE629FF3D7}.Ad-Hoc|x64.ActiveCfg = Ad-Hoc|iPhone
		{C201E59D-9223-4D13-8ED3-D4EE629FF3D7}.Ad-Hoc|x64.Build.0 = Ad-Hoc|iPhone
		{C201E59D-9223-4D13-8ED3-D4EE629FF3D7}.Ad-Hoc|x64.Deploy.0 = Ad-Hoc|iPhone
		{C201E59D-9223-4D13-8ED3-D4EE629FF3D7}.Ad-Hoc|x86.ActiveCfg = Ad-Hoc|iPhone
		{C201E59D-9223-4D13-8ED3-D4EE629FF3D7}.Ad-Hoc|x86.Build.0 = Ad-Hoc|iPhone
		{C201E59D-9223-4D13-8ED3-D4EE629FF3D7}.Ad-Hoc|x86.Deploy.0 = Ad-Hoc|iPhone
		{C201E59D-9223-4D13-8ED3-D4EE629FF3D7}.AppStore|Any CPU.ActiveCfg = AppStore|iPhone
		{C201E59D-9223-4D13-8ED3-D4EE629FF3D7}.AppStore|Any CPU.Build.0 = AppStore|iPhone
		{C201E59D-9223-4D13-8ED3-D4EE629FF3D7}.AppStore|Any CPU.Deploy.0 = AppStore|iPhone
		{C201E59D-9223-4D13-8ED3-D4EE629FF3D7}.AppStore|ARM.ActiveCfg = AppStore|iPhone
		{C201E59D-9223-4D13-8ED3-D4EE629FF3D7}.AppStore|ARM.Build.0 = AppStore|iPhone
		{C201E59D-9223-4D13-8ED3-D4EE629FF3D7}.AppStore|ARM.Deploy.0 = AppStore|iPhone
		{C201E59D-9223-4D13-8ED3-D4EE629FF3D7}.AppStore|iPhone.ActiveCfg = AppStore|iPhone
		{C201E59D-9223-4D13-8ED3-D4EE629FF3D7}.AppStore|iPhone.Build.0 = AppStore|iPhone
		{C201E59D-9223-4D13-8ED3-D4EE629FF3D7}.AppStore|iPhone.Deploy.0 = AppStore|iPhone
		{C201E59D-9223-4D13-8ED3-D4EE629FF3D7}.AppStore|iPhoneSimulator.ActiveCfg = AppStore|iPhoneSimulator
		{C201E59D-9223-4D13-8ED3-D4EE629FF3D7}.AppStore|iPhoneSimulator.Build.0 = AppStore|iPhoneSimulator
		{C201E59D-9223-4D13-8ED3-D4EE629FF3D7}.AppStore|iPhoneSimulator.Deploy.0 = AppStore|iPhoneSimulator
		{C201E59D-9223-4D13-8ED3-D4EE629FF3D7}.AppStore|x64.ActiveCfg = AppStore|iPhone
		{C201E59D-9223-4D13-8ED3-D4EE629FF3D7}.AppStore|x64.Build.0 = AppStore|iPhone
		{C201E59D-9223-4D13-8ED3-D4EE629FF3D7}.AppStore|x64.Deploy.0 = AppStore|iPhone
		{C201E59D-9223-4D13-8ED3-D4EE629FF3D7}.AppStore|x86.ActiveCfg = AppStore|iPhone
		{C201E59D-9223-4D13-8ED3-D4EE629FF3D7}.AppStore|x86.Build.0 = AppStore|iPhone
		{C201E59D-9223-4D13-8ED3-D4EE629FF3D7}.AppStore|x86.Deploy.0 = AppStore|iPhone
		{C201E59D-9223-4D13-8ED3-D4EE629FF3D7}.Debug|Any CPU.ActiveCfg = Debug|iPhoneSimulator
		{C201E59D-9223-4D13-8ED3-D4EE629FF3D7}.Debug|Any CPU.Build.0 = Debug|iPhoneSimulator
		{C201E59D-9223-4D13-8ED3-D4EE629FF3D7}.Debug|Any CPU.Deploy.0 = Debug|iPhoneSimulator
		{C201E59D-9223-4D13-8ED3-D4EE629FF3D7}.Debug|ARM.ActiveCfg = Debug|iPhone
		{C201E59D-9223-4D13-8ED3-D4EE629FF3D7}.Debug|ARM.Build.0 = Debug|iPhone
		{C201E59D-9223-4D13-8ED3-D4EE629FF3D7}.Debug|ARM.Deploy.0 = Debug|iPhone
		{C201E59D-9223-4D13-8ED3-D4EE629FF3D7}.Debug|iPhone.ActiveCfg = Debug|iPhone
		{C201E59D-9223-4D13-8ED3-D4EE629FF3D7}.Debug|iPhone.Build.0 = Debug|iPhone
		{C201E59D-9223-4D13-8ED3-D4EE629FF3D7}.Debug|iPhone.Deploy.0 = Debug|iPhone
		{C201E59D-9223-4D13-8ED3-D4EE629FF3D7}.Debug|iPhoneSimulator.ActiveCfg = Debug|iPhoneSimulator
		{C201E59D-9223-4D13-8ED3-D4EE629FF3D7}.Debug|iPhoneSimulator.Build.0 = Debug|iPhoneSimulator
		{C201E59D-9223-4D13-8ED3-D4EE629FF3D7}.Debug|iPhoneSimulator.Deploy.0 = Debug|iPhoneSimulator
		{C201E59D-9223-4D13-8ED3-D4EE629FF3D7}.Debug|x64.ActiveCfg = Debug|iPhone
		{C201E59D-9223-4D13-8ED3-D4EE629FF3D7}.Debug|x64.Build.0 = Debug|iPhone
		{C201E59D-9223-4D13-8ED3-D4EE629FF3D7}.Debug|x64.Deploy.0 = Debug|iPhone
		{C201E59D-9223-4D13-8ED3-D4EE629FF3D7}.Debug|x86.ActiveCfg = Debug|iPhone
		{C201E59D-9223-4D13-8ED3-D4EE629FF3D7}.Debug|x86.Build.0 = Debug|iPhone
		{C201E59D-9223-4D13-8ED3-D4EE629FF3D7}.Debug|x86.Deploy.0 = Debug|iPhone
		{C201E59D-9223-4D13-8ED3-D4EE629FF3D7}.Release|Any CPU.ActiveCfg = Release|iPhone
		{C201E59D-9223-4D13-8ED3-D4EE629FF3D7}.Release|Any CPU.Build.0 = Release|iPhone
		{C201E59D-9223-4D13-8ED3-D4EE629FF3D7}.Release|Any CPU.Deploy.0 = Release|iPhone
		{C201E59D-9223-4D13-8ED3-D4EE629FF3D7}.Release|ARM.ActiveCfg = Release|iPhone
		{C201E59D-9223-4D13-8ED3-D4EE629FF3D7}.Release|ARM.Build.0 = Release|iPhone
		{C201E59D-9223-4D13-8ED3-D4EE629FF3D7}.Release|ARM.Deploy.0 = Release|iPhone
		{C201E59D-9223-4D13-8ED3-D4EE629FF3D7}.Release|iPhone.ActiveCfg = Release|iPhone
		{C201E59D-9223-4D13-8ED3-D4EE629FF3D7}.Release|iPhone.Build.0 = Release|iPhone
		{C201E59D-9223-4D13-8ED3-D4EE629FF3D7}.Release|iPhone.Deploy.0 = Release|iPhone
		{C201E59D-9223-4D13-8ED3-D4EE629FF3D7}.Release|iPhoneSimulator.ActiveCfg = Release|iPhoneSimulator
		{C201E59D-9223-4D13-8ED3-D4EE629FF3D7}.Release|iPhoneSimulator.Build.0 = Release|iPhoneSimulator
		{C201E59D-9223-4D13-8ED3-D4EE629FF3D7}.Release|iPhoneSimulator.Deploy.0 = Release|iPhoneSimulator
		{C201E59D-9223-4D13-8ED3-D4EE629FF3D7}.Release|x64.ActiveCfg = Release|iPhone
		{C201E59D-9223-4D13-8ED3-D4EE629FF3D7}.Release|x64.Build.0 = Release|iPhone
		{C201E59D-9223-4D13-8ED3-D4EE629FF3D7}.Release|x64.Deploy.0 = Release|iPhone
		{C201E59D-9223-4D13-8ED3-D4EE629FF3D7}.Release|x86.ActiveCfg = Release|iPhone
		{C201E59D-9223-4D13-8ED3-D4EE629FF3D7}.Release|x86.Build.0 = Release|iPhone
		{C201E59D-9223-4D13-8ED3-D4EE629FF3D7}.Release|x86.Deploy.0 = Release|iPhone
		{F65353F4-9383-456F-B63D-8AADA28E4450}.Ad-Hoc|Any CPU.ActiveCfg = Release|x86
		{F65353F4-9383-456F-B63D-8AADA28E4450}.Ad-Hoc|Any CPU.Build.0 = Release|x86
		{F65353F4-9383-456F-B63D-8AADA28E4450}.Ad-Hoc|Any CPU.Deploy.0 = Release|x86
		{F65353F4-9383-456F-B63D-8AADA28E4450}.Ad-Hoc|ARM.ActiveCfg = Release|ARM
		{F65353F4-9383-456F-B63D-8AADA28E4450}.Ad-Hoc|ARM.Build.0 = Release|ARM
		{F65353F4-9383-456F-B63D-8AADA28E4450}.Ad-Hoc|ARM.Deploy.0 = Release|ARM
		{F65353F4-9383-456F-B63D-8AADA28E4450}.Ad-Hoc|iPhone.ActiveCfg = Release|x86
		{F65353F4-9383-456F-B63D-8AADA28E4450}.Ad-Hoc|iPhone.Build.0 = Release|x86
		{F65353F4-9383-456F-B63D-8AADA28E4450}.Ad-Hoc|iPhone.Deploy.0 = Release|x86
		{F65353F4-9383-456F-B63D-8AADA28E4450}.Ad-Hoc|iPhoneSimulator.ActiveCfg = Release|x86
		{F65353F4-9383-456F-B63D-8AADA28E4450}.Ad-Hoc|iPhoneSimulator.Build.0 = Release|x86
		{F65353F4-9383-456F-B63D-8AADA28E4450}.Ad-Hoc|iPhoneSimulator.Deploy.0 = Release|x86
		{F65353F4-9383-456F-B63D-8AADA28E4450}.Ad-Hoc|x64.ActiveCfg = Release|x64
		{F65353F4-9383-456F-B63D-8AADA28E4450}.Ad-Hoc|x64.Build.0 = Release|x64
		{F65353F4-9383-456F-B63D-8AADA28E4450}.Ad-Hoc|x64.Deploy.0 = Release|x64
		{F65353F4-9383-456F-B63D-8AADA28E4450}.Ad-Hoc|x86.ActiveCfg = Release|x86
		{F65353F4-9383-456F-B63D-8AADA28E4450}.Ad-Hoc|x86.Build.0 = Release|x86
		{F65353F4-9383-456F-B63D-8AADA28E4450}.Ad-Hoc|x86.Deploy.0 = Release|x86
		{F65353F4-9383-456F-B63D-8AADA28E4450}.AppStore|Any CPU.ActiveCfg = Release|x86
		{F65353F4-9383-456F-B63D-8AADA28E4450}.AppStore|Any CPU.Build.0 = Release|x86
		{F65353F4-9383-456F-B63D-8AADA28E4450}.AppStore|Any CPU.Deploy.0 = Release|x86
		{F65353F4-9383-456F-B63D-8AADA28E4450}.AppStore|ARM.ActiveCfg = Release|ARM
		{F65353F4-9383-456F-B63D-8AADA28E4450}.AppStore|ARM.Build.0 = Release|ARM
		{F65353F4-9383-456F-B63D-8AADA28E4450}.AppStore|ARM.Deploy.0 = Release|ARM
		{F65353F4-9383-456F-B63D-8AADA28E4450}.AppStore|iPhone.ActiveCfg = Release|x86
		{F65353F4-9383-456F-B63D-8AADA28E4450}.AppStore|iPhone.Build.0 = Release|x86
		{F65353F4-9383-456F-B63D-8AADA28E4450}.AppStore|iPhone.Deploy.0 = Release|x86
		{F65353F4-9383-456F-B63D-8AADA28E4450}.AppStore|iPhoneSimulator.ActiveCfg = Release|x86
		{F65353F4-9383-456F-B63D-8AADA28E4450}.AppStore|iPhoneSimulator.Build.0 = Release|x86
		{F65353F4-9383-456F-B63D-8AADA28E4450}.AppStore|iPhoneSimulator.Deploy.0 = Release|x86
		{F65353F4-9383-456F-B63D-8AADA28E4450}.AppStore|x64.ActiveCfg = Release|x64
		{F65353F4-9383-456F-B63D-8AADA28E4450}.AppStore|x64.Build.0 = Release|x64
		{F65353F4-9383-456F-B63D-8AADA28E4450}.AppStore|x64.Deploy.0 = Release|x64
		{F65353F4-9383-456F-B63D-8AADA28E4450}.AppStore|x86.ActiveCfg = Release|x86
		{F65353F4-9383-456F-B63D-8AADA28E4450}.AppStore|x86.Build.0 = Release|x86
		{F65353F4-9383-456F-B63D-8AADA28E4450}.AppStore|x86.Deploy.0 = Release|x86
		{F65353F4-9383-456F-B63D-8AADA28E4450}.Debug|Any CPU.ActiveCfg = Debug|x86
		{F65353F4-9383-456F-B63D-8AADA28E4450}.Debug|Any CPU.Build.0 = Debug|x86
		{F65353F4-9383-456F-B63D-8AADA28E4450}.Debug|Any CPU.Deploy.0 = Debug|x86
		{F65353F4-9383-456F-B63D-8AADA28E4450}.Debug|ARM.ActiveCfg = Debug|ARM
		{F65353F4-9383-456F-B63D-8AADA28E4450}.Debug|ARM.Build.0 = Debug|ARM
		{F65353F4-9383-456F-B63D-8AADA28E4450}.Debug|ARM.Deploy.0 = Debug|ARM
		{F65353F4-9383-456F-B63D-8AADA28E4450}.Debug|iPhone.ActiveCfg = Debug|x86
		{F65353F4-9383-456F-B63D-8AADA28E4450}.Debug|iPhone.Build.0 = Debug|x86
		{F65353F4-9383-456F-B63D-8AADA28E4450}.Debug|iPhone.Deploy.0 = Debug|x86
		{F65353F4-9383-456F-B63D-8AADA28E4450}.Debug|iPhoneSimulator.ActiveCfg = Debug|x86
		{F65353F4-9383-456F-B63D-8AADA28E4450}.Debug|iPhoneSimulator.Build.0 = Debug|x86
		{F65353F4-9383-456F-B63D-8AADA28E4450}.Debug|iPhoneSimulator.Deploy.0 = Debug|x86
		{F65353F4-9383-456F-B63D-8AADA28E4450}.Debug|x64.ActiveCfg = Debug|x64
		{F65353F4-9383-456F-B63D-8AADA28E4450}.Debug|x64.Build.0 = Debug|x64
		{F65353F4-9383-456F-B63D-8AADA28E4450}.Debug|x64.Deploy.0 = Debug|x64
		{F65353F4-9383-456F-B63D-8AADA28E4450}.Debug|x86.ActiveCfg = Debug|x86
		{F65353F4-9383-456F-B63D-8AADA28E4450}.Debug|x86.Build.0 = Debug|x86
		{F65353F4-9383-456F-B63D-8AADA28E4450}.Debug|x86.Deploy.0 = Debug|x86
		{F65353F4-9383-456F-B63D-8AADA28E4450}.Release|Any CPU.ActiveCfg = Release|x86
		{F65353F4-9383-456F-B63D-8AADA28E4450}.Release|Any CPU.Build.0 = Release|x86
		{F65353F4-9383-456F-B63D-8AADA28E4450}.Release|Any CPU.Deploy.0 = Release|x86
		{F65353F4-9383-456F-B63D-8AADA28E4450}.Release|ARM.ActiveCfg = Release|ARM
		{F65353F4-9383-456F-B63D-8AADA28E4450}.Release|ARM.Build.0 = Release|ARM
		{F65353F4-9383-456F-B63D-8AADA28E4450}.Release|ARM.Deploy.0 = Release|ARM
		{F65353F4-9383-456F-B63D-8AADA28E4450}.Release|iPhone.ActiveCfg = Release|x86
		{F65353F4-9383-456F-B63D-8AADA28E4450}.Release|iPhone.Build.0 = Release|x86
		{F65353F4-9383-456F-B63D-8AADA28E4450}.Release|iPhone.Deploy.0 = Release|x86
		{F65353F4-9383-456F-B63D-8AADA28E4450}.Release|iPhoneSimulator.ActiveCfg = Release|x86
		{F65353F4-9383-456F-B63D-8AADA28E4450}.Release|iPhoneSimulator.Build.0 = Release|x86
		{F65353F4-9383-456F-B63D-8AADA28E4450}.Release|iPhoneSimulator.Deploy.0 = Release|x86
		{F65353F4-9383-456F-B63D-8AADA28E4450}.Release|x64.ActiveCfg = Release|x64
		{F65353F4-9383-456F-B63D-8AADA28E4450}.Release|x64.Build.0 = Release|x64
		{F65353F4-9383-456F-B63D-8AADA28E4450}.Release|x64.Deploy.0 = Release|x64
		{F65353F4-9383-456F-B63D-8AADA28E4450}.Release|x86.ActiveCfg = Release|x86
		{F65353F4-9383-456F-B63D-8AADA28E4450}.Release|x86.Build.0 = Release|x86
		{F65353F4-9383-456F-B63D-8AADA28E4450}.Release|x86.Deploy.0 = Release|x86
		{2C3EBEB7-7FFB-428E-9FD7-021D36875CC3}.Ad-Hoc|Any CPU.ActiveCfg = Debug|Any CPU
		{2C3EBEB7-7FFB-428E-9FD7-021D36875CC3}.Ad-Hoc|Any CPU.Build.0 = Debug|Any CPU
		{2C3EBEB7-7FFB-428E-9FD7-021D36875CC3}.Ad-Hoc|Any CPU.Deploy.0 = Debug|Any CPU
		{2C3EBEB7-7FFB-428E-9FD7-021D36875CC3}.Ad-Hoc|ARM.ActiveCfg = Debug|Any CPU
		{2C3EBEB7-7FFB-428E-9FD7-021D36875CC3}.Ad-Hoc|ARM.Build.0 = Debug|Any CPU
		{2C3EBEB7-7FFB-428E-9FD7-021D36875CC3}.Ad-Hoc|ARM.Deploy.0 = Debug|Any CPU
		{2C3EBEB7-7FFB-428E-9FD7-021D36875CC3}.Ad-Hoc|iPhone.ActiveCfg = Debug|Any CPU
		{2C3EBEB7-7FFB-428E-9FD7-021D36875CC3}.Ad-Hoc|iPhone.Build.0 = Debug|Any CPU
		{2C3EBEB7-7FFB-428E-9FD7-021D36875CC3}.Ad-Hoc|iPhone.Deploy.0 = Debug|Any CPU
		{2C3EBEB7-7FFB-428E-9FD7-021D36875CC3}.Ad-Hoc|iPhoneSimulator.ActiveCfg = Debug|Any CPU
		{2C3EBEB7-7FFB-428E-9FD7-021D36875CC3}.Ad-Hoc|iPhoneSimulator.Build.0 = Debug|Any CPU
		{2C3EBEB7-7FFB-428E-9FD7-021D36875CC3}.Ad-Hoc|iPhoneSimulator.Deploy.0 = Debug|Any CPU
		{2C3EBEB7-7FFB-428E-9FD7-021D36875CC3}.Ad-Hoc|x64.ActiveCfg = Debug|Any CPU
		{2C3EBEB7-7FFB-428E-9FD7-021D36875CC3}.Ad-Hoc|x64.Build.0 = Debug|Any CPU
		{2C3EBEB7-7FFB-428E-9FD7-021D36875CC3}.Ad-Hoc|x64.Deploy.0 = Debug|Any CPU
		{2C3EBEB7-7FFB-428E-9FD7-021D36875CC3}.Ad-Hoc|x86.ActiveCfg = Debug|Any CPU
		{2C3EBEB7-7FFB-428E-9FD7-021D36875CC3}.Ad-Hoc|x86.Build.0 = Debug|Any CPU
		{2C3EBEB7-7FFB-428E-9FD7-021D36875CC3}.Ad-Hoc|x86.Deploy.0 = Debug|Any CPU
		{2C3EBEB7-7FFB-428E-9FD7-021D36875CC3}.AppStore|Any CPU.ActiveCfg = Debug|Any CPU
		{2C3EBEB7-7FFB-428E-9FD7-021D36875CC3}.AppStore|Any CPU.Build.0 = Debug|Any CPU
		{2C3EBEB7-7FFB-428E-9FD7-021D36875CC3}.AppStore|Any CPU.Deploy.0 = Debug|Any CPU
		{2C3EBEB7-7FFB-428E-9FD7-021D36875CC3}.AppStore|ARM.ActiveCfg = Debug|Any CPU
		{2C3EBEB7-7FFB-428E-9FD7-021D36875CC3}.AppStore|ARM.Build.0 = Debug|Any CPU
		{2C3EBEB7-7FFB-428E-9FD7-021D36875CC3}.AppStore|ARM.Deploy.0 = Debug|Any CPU
		{2C3EBEB7-7FFB-428E-9FD7-021D36875CC3}.AppStore|iPhone.ActiveCfg = Debug|Any CPU
		{2C3EBEB7-7FFB-428E-9FD7-021D36875CC3}.AppStore|iPhone.Build.0 = Debug|Any CPU
		{2C3EBEB7-7FFB-428E-9FD7-021D36875CC3}.AppStore|iPhone.Deploy.0 = Debug|Any CPU
		{2C3EBEB7-7FFB-428E-9FD7-021D36875CC3}.AppStore|iPhoneSimulator.ActiveCfg = Debug|Any CPU
		{2C3EBEB7-7FFB-428E-9FD7-021D36875CC3}.AppStore|iPhoneSimulator.Build.0 = Debug|Any CPU
		{2C3EBEB7-7FFB-428E-9FD7-021D36875CC3}.AppStore|iPhoneSimulator.Deploy.0 = Debug|Any CPU
		{2C3EBEB7-7FFB-428E-9FD7-021D36875CC3}.AppStore|x64.ActiveCfg = Debug|Any CPU
		{2C3EBEB7-7FFB-428E-9FD7-021D36875CC3}.AppStore|x64.Build.0 = Debug|Any CPU
		{2C3EBEB7-7FFB-428E-9FD7-021D36875CC3}.AppStore|x64.Deploy.0 = Debug|Any CPU
		{2C3EBEB7-7FFB-428E-9FD7-021D36875CC3}.AppStore|x86.ActiveCfg = Debug|Any CPU
		{2C3EBEB7-7FFB-428E-9FD7-021D36875CC3}.AppStore|x86.Build.0 = Debug|Any CPU
		{2C3EBEB7-7FFB-428E-9FD7-021D36875CC3}.AppStore|x86.Deploy.0 = Debug|Any CPU
		{2C3EBEB7-7FFB-428E-9FD7-021D36875CC3}.Debug|Any CPU.ActiveCfg = Debug|Any CPU
		{2C3EBEB7-7FFB-428E-9FD7-021D36875CC3}.Debug|Any CPU.Build.0 = Debug|Any CPU
		{2C3EBEB7-7FFB-428E-9FD7-021D36875CC3}.Debug|Any CPU.Deploy.0 = Debug|Any CPU
		{2C3EBEB7-7FFB-428E-9FD7-021D36875CC3}.Debug|ARM.ActiveCfg = Debug|Any CPU
		{2C3EBEB7-7FFB-428E-9FD7-021D36875CC3}.Debug|ARM.Build.0 = Debug|Any CPU
		{2C3EBEB7-7FFB-428E-9FD7-021D36875CC3}.Debug|ARM.Deploy.0 = Debug|Any CPU
		{2C3EBEB7-7FFB-428E-9FD7-021D36875CC3}.Debug|iPhone.ActiveCfg = Debug|Any CPU
		{2C3EBEB7-7FFB-428E-9FD7-021D36875CC3}.Debug|iPhone.Build.0 = Debug|Any CPU
		{2C3EBEB7-7FFB-428E-9FD7-021D36875CC3}.Debug|iPhone.Deploy.0 = Debug|Any CPU
		{2C3EBEB7-7FFB-428E-9FD7-021D36875CC3}.Debug|iPhoneSimulator.ActiveCfg = Debug|Any CPU
		{2C3EBEB7-7FFB-428E-9FD7-021D36875CC3}.Debug|iPhoneSimulator.Build.0 = Debug|Any CPU
		{2C3EBEB7-7FFB-428E-9FD7-021D36875CC3}.Debug|iPhoneSimulator.Deploy.0 = Debug|Any CPU
		{2C3EBEB7-7FFB-428E-9FD7-021D36875CC3}.Debug|x64.ActiveCfg = Debug|Any CPU
		{2C3EBEB7-7FFB-428E-9FD7-021D36875CC3}.Debug|x64.Build.0 = Debug|Any CPU
		{2C3EBEB7-7FFB-428E-9FD7-021D36875CC3}.Debug|x64.Deploy.0 = Debug|Any CPU
		{2C3EBEB7-7FFB-428E-9FD7-021D36875CC3}.Debug|x86.ActiveCfg = Debug|Any CPU
		{2C3EBEB7-7FFB-428E-9FD7-021D36875CC3}.Debug|x86.Build.0 = Debug|Any CPU
		{2C3EBEB7-7FFB-428E-9FD7-021D36875CC3}.Debug|x86.Deploy.0 = Debug|Any CPU
		{2C3EBEB7-7FFB-428E-9FD7-021D36875CC3}.Release|Any CPU.ActiveCfg = Release|Any CPU
		{2C3EBEB7-7FFB-428E-9FD7-021D36875CC3}.Release|Any CPU.Build.0 = Release|Any CPU
		{2C3EBEB7-7FFB-428E-9FD7-021D36875CC3}.Release|Any CPU.Deploy.0 = Release|Any CPU
		{2C3EBEB7-7FFB-428E-9FD7-021D36875CC3}.Release|ARM.ActiveCfg = Release|Any CPU
		{2C3EBEB7-7FFB-428E-9FD7-021D36875CC3}.Release|ARM.Build.0 = Release|Any CPU
		{2C3EBEB7-7FFB-428E-9FD7-021D36875CC3}.Release|ARM.Deploy.0 = Release|Any CPU
		{2C3EBEB7-7FFB-428E-9FD7-021D36875CC3}.Release|iPhone.ActiveCfg = Release|Any CPU
		{2C3EBEB7-7FFB-428E-9FD7-021D36875CC3}.Release|iPhone.Build.0 = Release|Any CPU
		{2C3EBEB7-7FFB-428E-9FD7-021D36875CC3}.Release|iPhone.Deploy.0 = Release|Any CPU
		{2C3EBEB7-7FFB-428E-9FD7-021D36875CC3}.Release|iPhoneSimulator.ActiveCfg = Release|Any CPU
		{2C3EBEB7-7FFB-428E-9FD7-021D36875CC3}.Release|iPhoneSimulator.Build.0 = Release|Any CPU
		{2C3EBEB7-7FFB-428E-9FD7-021D36875CC3}.Release|iPhoneSimulator.Deploy.0 = Release|Any CPU
		{2C3EBEB7-7FFB-428E-9FD7-021D36875CC3}.Release|x64.ActiveCfg = Release|Any CPU
		{2C3EBEB7-7FFB-428E-9FD7-021D36875CC3}.Release|x64.Build.0 = Release|Any CPU
		{2C3EBEB7-7FFB-428E-9FD7-021D36875CC3}.Release|x64.Deploy.0 = Release|Any CPU
		{2C3EBEB7-7FFB-428E-9FD7-021D36875CC3}.Release|x86.ActiveCfg = Release|Any CPU
		{2C3EBEB7-7FFB-428E-9FD7-021D36875CC3}.Release|x86.Build.0 = Release|Any CPU
		{2C3EBEB7-7FFB-428E-9FD7-021D36875CC3}.Release|x86.Deploy.0 = Release|Any CPU
		{2EF41ACE-A21F-47BA-B268-21E062D9B300}.Ad-Hoc|Any CPU.ActiveCfg = Release|Any CPU
		{2EF41ACE-A21F-47BA-B268-21E062D9B300}.Ad-Hoc|Any CPU.Build.0 = Release|Any CPU
		{2EF41ACE-A21F-47BA-B268-21E062D9B300}.Ad-Hoc|ARM.ActiveCfg = Release|Any CPU
		{2EF41ACE-A21F-47BA-B268-21E062D9B300}.Ad-Hoc|ARM.Build.0 = Release|Any CPU
		{2EF41ACE-A21F-47BA-B268-21E062D9B300}.Ad-Hoc|iPhone.ActiveCfg = Release|Any CPU
		{2EF41ACE-A21F-47BA-B268-21E062D9B300}.Ad-Hoc|iPhone.Build.0 = Release|Any CPU
		{2EF41ACE-A21F-47BA-B268-21E062D9B300}.Ad-Hoc|iPhoneSimulator.ActiveCfg = Release|Any CPU
		{2EF41ACE-A21F-47BA-B268-21E062D9B300}.Ad-Hoc|iPhoneSimulator.Build.0 = Release|Any CPU
		{2EF41ACE-A21F-47BA-B268-21E062D9B300}.Ad-Hoc|x64.ActiveCfg = Release|Any CPU
		{2EF41ACE-A21F-47BA-B268-21E062D9B300}.Ad-Hoc|x64.Build.0 = Release|Any CPU
		{2EF41ACE-A21F-47BA-B268-21E062D9B300}.Ad-Hoc|x86.ActiveCfg = Release|Any CPU
		{2EF41ACE-A21F-47BA-B268-21E062D9B300}.Ad-Hoc|x86.Build.0 = Release|Any CPU
		{2EF41ACE-A21F-47BA-B268-21E062D9B300}.AppStore|Any CPU.ActiveCfg = Release|Any CPU
		{2EF41ACE-A21F-47BA-B268-21E062D9B300}.AppStore|Any CPU.Build.0 = Release|Any CPU
		{2EF41ACE-A21F-47BA-B268-21E062D9B300}.AppStore|ARM.ActiveCfg = Release|Any CPU
		{2EF41ACE-A21F-47BA-B268-21E062D9B300}.AppStore|ARM.Build.0 = Release|Any CPU
		{2EF41ACE-A21F-47BA-B268-21E062D9B300}.AppStore|iPhone.ActiveCfg = Release|Any CPU
		{2EF41ACE-A21F-47BA-B268-21E062D9B300}.AppStore|iPhone.Build.0 = Release|Any CPU
		{2EF41ACE-A21F-47BA-B268-21E062D9B300}.AppStore|iPhoneSimulator.ActiveCfg = Release|Any CPU
		{2EF41ACE-A21F-47BA-B268-21E062D9B300}.AppStore|iPhoneSimulator.Build.0 = Release|Any CPU
		{2EF41ACE-A21F-47BA-B268-21E062D9B300}.AppStore|x64.ActiveCfg = Release|Any CPU
		{2EF41ACE-A21F-47BA-B268-21E062D9B300}.AppStore|x64.Build.0 = Release|Any CPU
		{2EF41ACE-A21F-47BA-B268-21E062D9B300}.AppStore|x86.ActiveCfg = Release|Any CPU
		{2EF41ACE-A21F-47BA-B268-21E062D9B300}.AppStore|x86.Build.0 = Release|Any CPU
		{2EF41ACE-A21F-47BA-B268-21E062D9B300}.Debug|Any CPU.ActiveCfg = Debug|Any CPU
		{2EF41ACE-A21F-47BA-B268-21E062D9B300}.Debug|Any CPU.Build.0 = Debug|Any CPU
		{2EF41ACE-A21F-47BA-B268-21E062D9B300}.Debug|ARM.ActiveCfg = Debug|Any CPU
		{2EF41ACE-A21F-47BA-B268-21E062D9B300}.Debug|ARM.Build.0 = Debug|Any CPU
		{2EF41ACE-A21F-47BA-B268-21E062D9B300}.Debug|iPhone.ActiveCfg = Debug|Any CPU
		{2EF41ACE-A21F-47BA-B268-21E062D9B300}.Debug|iPhone.Build.0 = Debug|Any CPU
		{2EF41ACE-A21F-47BA-B268-21E062D9B300}.Debug|iPhoneSimulator.ActiveCfg = Debug|Any CPU
		{2EF41ACE-A21F-47BA-B268-21E062D9B300}.Debug|iPhoneSimulator.Build.0 = Debug|Any CPU
		{2EF41ACE-A21F-47BA-B268-21E062D9B300}.Debug|x64.ActiveCfg = Debug|Any CPU
		{2EF41ACE-A21F-47BA-B268-21E062D9B300}.Debug|x64.Build.0 = Debug|Any CPU
		{2EF41ACE-A21F-47BA-B268-21E062D9B300}.Debug|x86.ActiveCfg = Debug|Any CPU
		{2EF41ACE-A21F-47BA-B268-21E062D9B300}.Debug|x86.Build.0 = Debug|Any CPU
		{2EF41ACE-A21F-47BA-B268-21E062D9B300}.Release|Any CPU.ActiveCfg = Release|Any CPU
		{2EF41ACE-A21F-47BA-B268-21E062D9B300}.Release|Any CPU.Build.0 = Release|Any CPU
		{2EF41ACE-A21F-47BA-B268-21E062D9B300}.Release|ARM.ActiveCfg = Release|Any CPU
		{2EF41ACE-A21F-47BA-B268-21E062D9B300}.Release|ARM.Build.0 = Release|Any CPU
		{2EF41ACE-A21F-47BA-B268-21E062D9B300}.Release|iPhone.ActiveCfg = Release|Any CPU
		{2EF41ACE-A21F-47BA-B268-21E062D9B300}.Release|iPhone.Build.0 = Release|Any CPU
		{2EF41ACE-A21F-47BA-B268-21E062D9B300}.Release|iPhoneSimulator.ActiveCfg = Release|Any CPU
		{2EF41ACE-A21F-47BA-B268-21E062D9B300}.Release|iPhoneSimulator.Build.0 = Release|Any CPU
		{2EF41ACE-A21F-47BA-B268-21E062D9B300}.Release|x64.ActiveCfg = Release|Any CPU
		{2EF41ACE-A21F-47BA-B268-21E062D9B300}.Release|x64.Build.0 = Release|Any CPU
		{2EF41ACE-A21F-47BA-B268-21E062D9B300}.Release|x86.ActiveCfg = Release|Any CPU
		{2EF41ACE-A21F-47BA-B268-21E062D9B300}.Release|x86.Build.0 = Release|Any CPU
		{4A9852AA-9D4B-4549-A3EC-49BDD86A3AA1}.Ad-Hoc|Any CPU.ActiveCfg = Release|Any CPU
		{4A9852AA-9D4B-4549-A3EC-49BDD86A3AA1}.Ad-Hoc|Any CPU.Build.0 = Release|Any CPU
		{4A9852AA-9D4B-4549-A3EC-49BDD86A3AA1}.Ad-Hoc|ARM.ActiveCfg = Release|Any CPU
		{4A9852AA-9D4B-4549-A3EC-49BDD86A3AA1}.Ad-Hoc|ARM.Build.0 = Release|Any CPU
		{4A9852AA-9D4B-4549-A3EC-49BDD86A3AA1}.Ad-Hoc|iPhone.ActiveCfg = Release|Any CPU
		{4A9852AA-9D4B-4549-A3EC-49BDD86A3AA1}.Ad-Hoc|iPhone.Build.0 = Release|Any CPU
		{4A9852AA-9D4B-4549-A3EC-49BDD86A3AA1}.Ad-Hoc|iPhoneSimulator.ActiveCfg = Release|Any CPU
		{4A9852AA-9D4B-4549-A3EC-49BDD86A3AA1}.Ad-Hoc|iPhoneSimulator.Build.0 = Release|Any CPU
		{4A9852AA-9D4B-4549-A3EC-49BDD86A3AA1}.Ad-Hoc|x64.ActiveCfg = Release|Any CPU
		{4A9852AA-9D4B-4549-A3EC-49BDD86A3AA1}.Ad-Hoc|x64.Build.0 = Release|Any CPU
		{4A9852AA-9D4B-4549-A3EC-49BDD86A3AA1}.Ad-Hoc|x86.ActiveCfg = Release|Any CPU
		{4A9852AA-9D4B-4549-A3EC-49BDD86A3AA1}.Ad-Hoc|x86.Build.0 = Release|Any CPU
		{4A9852AA-9D4B-4549-A3EC-49BDD86A3AA1}.AppStore|Any CPU.ActiveCfg = Release|Any CPU
		{4A9852AA-9D4B-4549-A3EC-49BDD86A3AA1}.AppStore|Any CPU.Build.0 = Release|Any CPU
		{4A9852AA-9D4B-4549-A3EC-49BDD86A3AA1}.AppStore|ARM.ActiveCfg = Release|Any CPU
		{4A9852AA-9D4B-4549-A3EC-49BDD86A3AA1}.AppStore|ARM.Build.0 = Release|Any CPU
		{4A9852AA-9D4B-4549-A3EC-49BDD86A3AA1}.AppStore|iPhone.ActiveCfg = Release|Any CPU
		{4A9852AA-9D4B-4549-A3EC-49BDD86A3AA1}.AppStore|iPhone.Build.0 = Release|Any CPU
		{4A9852AA-9D4B-4549-A3EC-49BDD86A3AA1}.AppStore|iPhoneSimulator.ActiveCfg = Release|Any CPU
		{4A9852AA-9D4B-4549-A3EC-49BDD86A3AA1}.AppStore|iPhoneSimulator.Build.0 = Release|Any CPU
		{4A9852AA-9D4B-4549-A3EC-49BDD86A3AA1}.AppStore|x64.ActiveCfg = Release|Any CPU
		{4A9852AA-9D4B-4549-A3EC-49BDD86A3AA1}.AppStore|x64.Build.0 = Release|Any CPU
		{4A9852AA-9D4B-4549-A3EC-49BDD86A3AA1}.AppStore|x86.ActiveCfg = Release|Any CPU
		{4A9852AA-9D4B-4549-A3EC-49BDD86A3AA1}.AppStore|x86.Build.0 = Release|Any CPU
		{4A9852AA-9D4B-4549-A3EC-49BDD86A3AA1}.Debug|Any CPU.ActiveCfg = Debug|Any CPU
		{4A9852AA-9D4B-4549-A3EC-49BDD86A3AA1}.Debug|Any CPU.Build.0 = Debug|Any CPU
		{4A9852AA-9D4B-4549-A3EC-49BDD86A3AA1}.Debug|ARM.ActiveCfg = Debug|Any CPU
		{4A9852AA-9D4B-4549-A3EC-49BDD86A3AA1}.Debug|ARM.Build.0 = Debug|Any CPU
		{4A9852AA-9D4B-4549-A3EC-49BDD86A3AA1}.Debug|iPhone.ActiveCfg = Debug|Any CPU
		{4A9852AA-9D4B-4549-A3EC-49BDD86A3AA1}.Debug|iPhone.Build.0 = Debug|Any CPU
		{4A9852AA-9D4B-4549-A3EC-49BDD86A3AA1}.Debug|iPhoneSimulator.ActiveCfg = Debug|Any CPU
		{4A9852AA-9D4B-4549-A3EC-49BDD86A3AA1}.Debug|iPhoneSimulator.Build.0 = Debug|Any CPU
		{4A9852AA-9D4B-4549-A3EC-49BDD86A3AA1}.Debug|x64.ActiveCfg = Debug|Any CPU
		{4A9852AA-9D4B-4549-A3EC-49BDD86A3AA1}.Debug|x64.Build.0 = Debug|Any CPU
		{4A9852AA-9D4B-4549-A3EC-49BDD86A3AA1}.Debug|x86.ActiveCfg = Debug|Any CPU
		{4A9852AA-9D4B-4549-A3EC-49BDD86A3AA1}.Debug|x86.Build.0 = Debug|Any CPU
		{4A9852AA-9D4B-4549-A3EC-49BDD86A3AA1}.Release|Any CPU.ActiveCfg = Release|Any CPU
		{4A9852AA-9D4B-4549-A3EC-49BDD86A3AA1}.Release|Any CPU.Build.0 = Release|Any CPU
		{4A9852AA-9D4B-4549-A3EC-49BDD86A3AA1}.Release|ARM.ActiveCfg = Release|Any CPU
		{4A9852AA-9D4B-4549-A3EC-49BDD86A3AA1}.Release|ARM.Build.0 = Release|Any CPU
		{4A9852AA-9D4B-4549-A3EC-49BDD86A3AA1}.Release|iPhone.ActiveCfg = Release|Any CPU
		{4A9852AA-9D4B-4549-A3EC-49BDD86A3AA1}.Release|iPhone.Build.0 = Release|Any CPU
		{4A9852AA-9D4B-4549-A3EC-49BDD86A3AA1}.Release|iPhoneSimulator.ActiveCfg = Release|Any CPU
		{4A9852AA-9D4B-4549-A3EC-49BDD86A3AA1}.Release|iPhoneSimulator.Build.0 = Release|Any CPU
		{4A9852AA-9D4B-4549-A3EC-49BDD86A3AA1}.Release|x64.ActiveCfg = Release|Any CPU
		{4A9852AA-9D4B-4549-A3EC-49BDD86A3AA1}.Release|x64.Build.0 = Release|Any CPU
		{4A9852AA-9D4B-4549-A3EC-49BDD86A3AA1}.Release|x86.ActiveCfg = Release|Any CPU
		{4A9852AA-9D4B-4549-A3EC-49BDD86A3AA1}.Release|x86.Build.0 = Release|Any CPU
		{A6944D16-27AE-44C1-96AC-40951769CCA2}.Ad-Hoc|Any CPU.ActiveCfg = Release|Any CPU
		{A6944D16-27AE-44C1-96AC-40951769CCA2}.Ad-Hoc|Any CPU.Build.0 = Release|Any CPU
		{A6944D16-27AE-44C1-96AC-40951769CCA2}.Ad-Hoc|ARM.ActiveCfg = Release|Any CPU
		{A6944D16-27AE-44C1-96AC-40951769CCA2}.Ad-Hoc|ARM.Build.0 = Release|Any CPU
		{A6944D16-27AE-44C1-96AC-40951769CCA2}.Ad-Hoc|iPhone.ActiveCfg = Release|Any CPU
		{A6944D16-27AE-44C1-96AC-40951769CCA2}.Ad-Hoc|iPhone.Build.0 = Release|Any CPU
		{A6944D16-27AE-44C1-96AC-40951769CCA2}.Ad-Hoc|iPhoneSimulator.ActiveCfg = Release|Any CPU
		{A6944D16-27AE-44C1-96AC-40951769CCA2}.Ad-Hoc|iPhoneSimulator.Build.0 = Release|Any CPU
		{A6944D16-27AE-44C1-96AC-40951769CCA2}.Ad-Hoc|x64.ActiveCfg = Release|Any CPU
		{A6944D16-27AE-44C1-96AC-40951769CCA2}.Ad-Hoc|x64.Build.0 = Release|Any CPU
		{A6944D16-27AE-44C1-96AC-40951769CCA2}.Ad-Hoc|x86.ActiveCfg = Release|Any CPU
		{A6944D16-27AE-44C1-96AC-40951769CCA2}.Ad-Hoc|x86.Build.0 = Release|Any CPU
		{A6944D16-27AE-44C1-96AC-40951769CCA2}.AppStore|Any CPU.ActiveCfg = Release|Any CPU
		{A6944D16-27AE-44C1-96AC-40951769CCA2}.AppStore|Any CPU.Build.0 = Release|Any CPU
		{A6944D16-27AE-44C1-96AC-40951769CCA2}.AppStore|ARM.ActiveCfg = Release|Any CPU
		{A6944D16-27AE-44C1-96AC-40951769CCA2}.AppStore|ARM.Build.0 = Release|Any CPU
		{A6944D16-27AE-44C1-96AC-40951769CCA2}.AppStore|iPhone.ActiveCfg = Release|Any CPU
		{A6944D16-27AE-44C1-96AC-40951769CCA2}.AppStore|iPhone.Build.0 = Release|Any CPU
		{A6944D16-27AE-44C1-96AC-40951769CCA2}.AppStore|iPhoneSimulator.ActiveCfg = Release|Any CPU
		{A6944D16-27AE-44C1-96AC-40951769CCA2}.AppStore|iPhoneSimulator.Build.0 = Release|Any CPU
		{A6944D16-27AE-44C1-96AC-40951769CCA2}.AppStore|x64.ActiveCfg = Release|Any CPU
		{A6944D16-27AE-44C1-96AC-40951769CCA2}.AppStore|x64.Build.0 = Release|Any CPU
		{A6944D16-27AE-44C1-96AC-40951769CCA2}.AppStore|x86.ActiveCfg = Release|Any CPU
		{A6944D16-27AE-44C1-96AC-40951769CCA2}.AppStore|x86.Build.0 = Release|Any CPU
		{A6944D16-27AE-44C1-96AC-40951769CCA2}.Debug|Any CPU.ActiveCfg = Debug|Any CPU
		{A6944D16-27AE-44C1-96AC-40951769CCA2}.Debug|Any CPU.Build.0 = Debug|Any CPU
		{A6944D16-27AE-44C1-96AC-40951769CCA2}.Debug|ARM.ActiveCfg = Debug|Any CPU
		{A6944D16-27AE-44C1-96AC-40951769CCA2}.Debug|ARM.Build.0 = Debug|Any CPU
		{A6944D16-27AE-44C1-96AC-40951769CCA2}.Debug|iPhone.ActiveCfg = Debug|Any CPU
		{A6944D16-27AE-44C1-96AC-40951769CCA2}.Debug|iPhone.Build.0 = Debug|Any CPU
		{A6944D16-27AE-44C1-96AC-40951769CCA2}.Debug|iPhoneSimulator.ActiveCfg = Debug|Any CPU
		{A6944D16-27AE-44C1-96AC-40951769CCA2}.Debug|iPhoneSimulator.Build.0 = Debug|Any CPU
		{A6944D16-27AE-44C1-96AC-40951769CCA2}.Debug|x64.ActiveCfg = Debug|Any CPU
		{A6944D16-27AE-44C1-96AC-40951769CCA2}.Debug|x64.Build.0 = Debug|Any CPU
		{A6944D16-27AE-44C1-96AC-40951769CCA2}.Debug|x86.ActiveCfg = Debug|Any CPU
		{A6944D16-27AE-44C1-96AC-40951769CCA2}.Debug|x86.Build.0 = Debug|Any CPU
		{A6944D16-27AE-44C1-96AC-40951769CCA2}.Release|Any CPU.ActiveCfg = Release|Any CPU
		{A6944D16-27AE-44C1-96AC-40951769CCA2}.Release|Any CPU.Build.0 = Release|Any CPU
		{A6944D16-27AE-44C1-96AC-40951769CCA2}.Release|ARM.ActiveCfg = Release|Any CPU
		{A6944D16-27AE-44C1-96AC-40951769CCA2}.Release|ARM.Build.0 = Release|Any CPU
		{A6944D16-27AE-44C1-96AC-40951769CCA2}.Release|iPhone.ActiveCfg = Release|Any CPU
		{A6944D16-27AE-44C1-96AC-40951769CCA2}.Release|iPhone.Build.0 = Release|Any CPU
		{A6944D16-27AE-44C1-96AC-40951769CCA2}.Release|iPhoneSimulator.ActiveCfg = Release|Any CPU
		{A6944D16-27AE-44C1-96AC-40951769CCA2}.Release|iPhoneSimulator.Build.0 = Release|Any CPU
		{A6944D16-27AE-44C1-96AC-40951769CCA2}.Release|x64.ActiveCfg = Release|Any CPU
		{A6944D16-27AE-44C1-96AC-40951769CCA2}.Release|x64.Build.0 = Release|Any CPU
		{A6944D16-27AE-44C1-96AC-40951769CCA2}.Release|x86.ActiveCfg = Release|Any CPU
		{A6944D16-27AE-44C1-96AC-40951769CCA2}.Release|x86.Build.0 = Release|Any CPU
		{AD0E84A7-8DFA-4BD7-B110-E34E4FB1ACF3}.Ad-Hoc|Any CPU.ActiveCfg = Release|Any CPU
		{AD0E84A7-8DFA-4BD7-B110-E34E4FB1ACF3}.Ad-Hoc|Any CPU.Build.0 = Release|Any CPU
		{AD0E84A7-8DFA-4BD7-B110-E34E4FB1ACF3}.Ad-Hoc|ARM.ActiveCfg = Release|Any CPU
		{AD0E84A7-8DFA-4BD7-B110-E34E4FB1ACF3}.Ad-Hoc|ARM.Build.0 = Release|Any CPU
		{AD0E84A7-8DFA-4BD7-B110-E34E4FB1ACF3}.Ad-Hoc|iPhone.ActiveCfg = Release|Any CPU
		{AD0E84A7-8DFA-4BD7-B110-E34E4FB1ACF3}.Ad-Hoc|iPhone.Build.0 = Release|Any CPU
		{AD0E84A7-8DFA-4BD7-B110-E34E4FB1ACF3}.Ad-Hoc|iPhoneSimulator.ActiveCfg = Release|Any CPU
		{AD0E84A7-8DFA-4BD7-B110-E34E4FB1ACF3}.Ad-Hoc|iPhoneSimulator.Build.0 = Release|Any CPU
		{AD0E84A7-8DFA-4BD7-B110-E34E4FB1ACF3}.Ad-Hoc|x64.ActiveCfg = Release|Any CPU
		{AD0E84A7-8DFA-4BD7-B110-E34E4FB1ACF3}.Ad-Hoc|x64.Build.0 = Release|Any CPU
		{AD0E84A7-8DFA-4BD7-B110-E34E4FB1ACF3}.Ad-Hoc|x86.ActiveCfg = Release|Any CPU
		{AD0E84A7-8DFA-4BD7-B110-E34E4FB1ACF3}.Ad-Hoc|x86.Build.0 = Release|Any CPU
		{AD0E84A7-8DFA-4BD7-B110-E34E4FB1ACF3}.AppStore|Any CPU.ActiveCfg = Release|Any CPU
		{AD0E84A7-8DFA-4BD7-B110-E34E4FB1ACF3}.AppStore|Any CPU.Build.0 = Release|Any CPU
		{AD0E84A7-8DFA-4BD7-B110-E34E4FB1ACF3}.AppStore|ARM.ActiveCfg = Release|Any CPU
		{AD0E84A7-8DFA-4BD7-B110-E34E4FB1ACF3}.AppStore|ARM.Build.0 = Release|Any CPU
		{AD0E84A7-8DFA-4BD7-B110-E34E4FB1ACF3}.AppStore|iPhone.ActiveCfg = Release|Any CPU
		{AD0E84A7-8DFA-4BD7-B110-E34E4FB1ACF3}.AppStore|iPhone.Build.0 = Release|Any CPU
		{AD0E84A7-8DFA-4BD7-B110-E34E4FB1ACF3}.AppStore|iPhoneSimulator.ActiveCfg = Release|Any CPU
		{AD0E84A7-8DFA-4BD7-B110-E34E4FB1ACF3}.AppStore|iPhoneSimulator.Build.0 = Release|Any CPU
		{AD0E84A7-8DFA-4BD7-B110-E34E4FB1ACF3}.AppStore|x64.ActiveCfg = Release|Any CPU
		{AD0E84A7-8DFA-4BD7-B110-E34E4FB1ACF3}.AppStore|x64.Build.0 = Release|Any CPU
		{AD0E84A7-8DFA-4BD7-B110-E34E4FB1ACF3}.AppStore|x86.ActiveCfg = Release|Any CPU
		{AD0E84A7-8DFA-4BD7-B110-E34E4FB1ACF3}.AppStore|x86.Build.0 = Release|Any CPU
		{AD0E84A7-8DFA-4BD7-B110-E34E4FB1ACF3}.Debug|Any CPU.ActiveCfg = Debug|Any CPU
		{AD0E84A7-8DFA-4BD7-B110-E34E4FB1ACF3}.Debug|Any CPU.Build.0 = Debug|Any CPU
		{AD0E84A7-8DFA-4BD7-B110-E34E4FB1ACF3}.Debug|ARM.ActiveCfg = Debug|Any CPU
		{AD0E84A7-8DFA-4BD7-B110-E34E4FB1ACF3}.Debug|ARM.Build.0 = Debug|Any CPU
		{AD0E84A7-8DFA-4BD7-B110-E34E4FB1ACF3}.Debug|iPhone.ActiveCfg = Debug|Any CPU
		{AD0E84A7-8DFA-4BD7-B110-E34E4FB1ACF3}.Debug|iPhone.Build.0 = Debug|Any CPU
		{AD0E84A7-8DFA-4BD7-B110-E34E4FB1ACF3}.Debug|iPhoneSimulator.ActiveCfg = Debug|Any CPU
		{AD0E84A7-8DFA-4BD7-B110-E34E4FB1ACF3}.Debug|iPhoneSimulator.Build.0 = Debug|Any CPU
		{AD0E84A7-8DFA-4BD7-B110-E34E4FB1ACF3}.Debug|x64.ActiveCfg = Debug|Any CPU
		{AD0E84A7-8DFA-4BD7-B110-E34E4FB1ACF3}.Debug|x64.Build.0 = Debug|Any CPU
		{AD0E84A7-8DFA-4BD7-B110-E34E4FB1ACF3}.Debug|x86.ActiveCfg = Debug|Any CPU
		{AD0E84A7-8DFA-4BD7-B110-E34E4FB1ACF3}.Debug|x86.Build.0 = Debug|Any CPU
		{AD0E84A7-8DFA-4BD7-B110-E34E4FB1ACF3}.Release|Any CPU.ActiveCfg = Release|Any CPU
		{AD0E84A7-8DFA-4BD7-B110-E34E4FB1ACF3}.Release|Any CPU.Build.0 = Release|Any CPU
		{AD0E84A7-8DFA-4BD7-B110-E34E4FB1ACF3}.Release|ARM.ActiveCfg = Release|Any CPU
		{AD0E84A7-8DFA-4BD7-B110-E34E4FB1ACF3}.Release|ARM.Build.0 = Release|Any CPU
		{AD0E84A7-8DFA-4BD7-B110-E34E4FB1ACF3}.Release|iPhone.ActiveCfg = Release|Any CPU
		{AD0E84A7-8DFA-4BD7-B110-E34E4FB1ACF3}.Release|iPhone.Build.0 = Release|Any CPU
		{AD0E84A7-8DFA-4BD7-B110-E34E4FB1ACF3}.Release|iPhoneSimulator.ActiveCfg = Release|Any CPU
		{AD0E84A7-8DFA-4BD7-B110-E34E4FB1ACF3}.Release|iPhoneSimulator.Build.0 = Release|Any CPU
		{AD0E84A7-8DFA-4BD7-B110-E34E4FB1ACF3}.Release|x64.ActiveCfg = Release|Any CPU
		{AD0E84A7-8DFA-4BD7-B110-E34E4FB1ACF3}.Release|x64.Build.0 = Release|Any CPU
		{AD0E84A7-8DFA-4BD7-B110-E34E4FB1ACF3}.Release|x86.ActiveCfg = Release|Any CPU
		{AD0E84A7-8DFA-4BD7-B110-E34E4FB1ACF3}.Release|x86.Build.0 = Release|Any CPU
	EndGlobalSection
	GlobalSection(SolutionProperties) = preSolution
		HideSolutionNode = FALSE
	EndGlobalSection
	GlobalSection(ExtensibilityGlobals) = postSolution
		SolutionGuid = {DE0BC7A9-DE7F-4532-8D5E-DFEBBAA52BF2}
	EndGlobalSection
EndGlobal
